[[package]]
name = "click"
version = "8.1.3"
requires_python = ">=3.7"
summary = "Composable command line interface toolkit"
dependencies = [
    "colorama; platform_system == \"Windows\"",
]

[[package]]
name = "colorama"
version = "0.4.5"
requires_python = ">=2.7, !=3.0.*, !=3.1.*, !=3.2.*, !=3.3.*, !=3.4.*"
summary = "Cross-platform colored terminal text."

[[package]]
name = "dateparser"
version = "1.1.1"
requires_python = ">=3.5"
summary = "Date parsing library designed to parse dates from HTML pages"
dependencies = [
    "python-dateutil",
    "pytz",
    "regex!=2019.02.19,!=2021.8.27,<2022.3.15",
    "tzlocal",
]

[[package]]
name = "flask"
version = "2.2.2"
requires_python = ">=3.7"
summary = "A simple framework for building complex web applications."
dependencies = [
    "Jinja2>=3.0",
    "Werkzeug>=2.2.2",
    "click>=8.0",
    "itsdangerous>=2.0",
]

[[package]]
name = "itsdangerous"
version = "2.1.2"
requires_python = ">=3.7"
summary = "Safely pass data to untrusted environments and back."

[[package]]
name = "jinja2"
version = "3.1.2"
requires_python = ">=3.7"
summary = "A very fast and expressive template engine."
dependencies = [
    "MarkupSafe>=2.0",
]

[[package]]
name = "markupsafe"
version = "2.1.1"
requires_python = ">=3.7"
summary = "Safely add untrusted strings to HTML/XML markup."

[[package]]
name = "python-dateutil"
version = "2.8.2"
requires_python = "!=3.0.*,!=3.1.*,!=3.2.*,>=2.7"
summary = "Extensions to the standard Python datetime module"
dependencies = [
    "six>=1.5",
]

[[package]]
name = "pytz"
version = "2022.2.1"
summary = "World timezone definitions, modern and historical"

[[package]]
name = "pytz-deprecation-shim"
version = "0.1.0.post0"
requires_python = "!=3.0.*,!=3.1.*,!=3.2.*,!=3.3.*,!=3.4.*,!=3.5.*,>=2.7"
summary = "Shims to make deprecation of pytz easier"
dependencies = [
    "tzdata; python_version >= \"3.6\"",
]

[[package]]
name = "regex"
version = "2022.3.2"
requires_python = ">=3.6"
summary = "Alternative regular expression module, to replace re."

[[package]]
name = "six"
version = "1.16.0"
requires_python = ">=2.7, !=3.0.*, !=3.1.*, !=3.2.*"
summary = "Python 2 and 3 compatibility utilities"

[[package]]
name = "tzdata"
version = "2022.2"
requires_python = ">=2"
summary = "Provider of IANA time zone data"

[[package]]
name = "tzlocal"
version = "4.2"
requires_python = ">=3.6"
summary = "tzinfo object for the local timezone"
dependencies = [
    "pytz-deprecation-shim",
    "tzdata; platform_system == \"Windows\"",
]

[[package]]
name = "werkzeug"
version = "2.2.2"
requires_python = ">=3.7"
summary = "The comprehensive WSGI web application library."
dependencies = [
    "MarkupSafe>=2.1.1",
]

[metadata]
lock_version = "4.0"
content_hash = "sha256:54b34e2b7a220c25dffc24605707b145546b935b443f3e42e24791791a8bbf76"

[metadata.files]
"click 8.1.3" = [
    {url = "https://files.pythonhosted.org/packages/59/87/84326af34517fca8c58418d148f2403df25303e02736832403587318e9e8/click-8.1.3.tar.gz", hash = "sha256:7682dc8afb30297001674575ea00d1814d808d6a36af415a82bd481d37ba7b8e"},
    {url = "https://files.pythonhosted.org/packages/c2/f1/df59e28c642d583f7dacffb1e0965d0e00b218e0186d7858ac5233dce840/click-8.1.3-py3-none-any.whl", hash = "sha256:bb4d8133cb15a609f44e8213d9b391b0809795062913b383c62be0ee95b1db48"},
]
"colorama 0.4.5" = [
    {url = "https://files.pythonhosted.org/packages/2b/65/24d033a9325ce42ccbfa3ca2d0866c7e89cc68e5b9d92ecaba9feef631df/colorama-0.4.5.tar.gz", hash = "sha256:e6c6b4334fc50988a639d9b98aa429a0b57da6e17b9a44f0451f930b6967b7a4"},
    {url = "https://files.pythonhosted.org/packages/77/8b/7550e87b2d308a1b711725dfaddc19c695f8c5fa413c640b2be01662f4e6/colorama-0.4.5-py2.py3-none-any.whl", hash = "sha256:854bf444933e37f5824ae7bfc1e98d5bce2ebe4160d46b5edf346a89358e99da"},
]
"dateparser 1.1.1" = [
    {url = "https://files.pythonhosted.org/packages/54/e6/5c1a1fb2ddc1fd1fcc37040df00dbbb2ca53278f232c069658252142d2e2/dateparser-1.1.1.tar.gz", hash = "sha256:038196b1f12c7397e38aad3d61588833257f6f552baa63a1499e6987fa8d42d9"},
    {url = "https://files.pythonhosted.org/packages/e9/ee/91ad58de5cbd071ecab632a3a5ebea2b39937cf0691b7e1b4afff4a5eb7d/dateparser-1.1.1-py2.py3-none-any.whl", hash = "sha256:9600874312ff28a41f96ec7ccdc73be1d1c44435719da47fea3339d55ff5a628"},
]
"flask 2.2.2" = [
    {url = "https://files.pythonhosted.org/packages/0f/43/15f4f9ab225b0b25352412e8daa3d0e3d135fcf5e127070c74c3632c8b4c/Flask-2.2.2-py3-none-any.whl", hash = "sha256:b9c46cc36662a7949f34b52d8ec7bb59c0d74ba08ba6cb9ce9adc1d8676d9526"},
    {url = "https://files.pythonhosted.org/packages/69/b6/53cfa30eed5aa7343daff36622843688ba8c6fe9829bb2b92e193ab1163f/Flask-2.2.2.tar.gz", hash = "sha256:642c450d19c4ad482f96729bd2a8f6d32554aa1e231f4f6b4e7e5264b16cca2b"},
]
"itsdangerous 2.1.2" = [
    {url = "https://files.pythonhosted.org/packages/68/5f/447e04e828f47465eeab35b5d408b7ebaaaee207f48b7136c5a7267a30ae/itsdangerous-2.1.2-py3-none-any.whl", hash = "sha256:2c2349112351b88699d8d4b6b075022c0808887cb7ad10069318a8b0bc88db44"},
    {url = "https://files.pythonhosted.org/packages/7f/a1/d3fb83e7a61fa0c0d3d08ad0a94ddbeff3731c05212617dff3a94e097f08/itsdangerous-2.1.2.tar.gz", hash = "sha256:5dbbc68b317e5e42f327f9021763545dc3fc3bfe22e6deb96aaf1fc38874156a"},
]
"jinja2 3.1.2" = [
    {url = "https://files.pythonhosted.org/packages/7a/ff/75c28576a1d900e87eb6335b063fab47a8ef3c8b4d88524c4bf78f670cce/Jinja2-3.1.2.tar.gz", hash = "sha256:31351a702a408a9e7595a8fc6150fc3f43bb6bf7e319770cbc0db9df9437e852"},
    {url = "https://files.pythonhosted.org/packages/bc/c3/f068337a370801f372f2f8f6bad74a5c140f6fda3d9de154052708dd3c65/Jinja2-3.1.2-py3-none-any.whl", hash = "sha256:6088930bfe239f0e6710546ab9c19c9ef35e29792895fed6e6e31a023a182a61"},
]
"markupsafe 2.1.1" = [
    {url = "https://files.pythonhosted.org/packages/06/7f/d5e46d7464360b6ac39c5b0b604770dba937e3d7cab485d2f3298454717b/MarkupSafe-2.1.1-cp39-cp39-macosx_10_9_universal2.whl", hash = "sha256:e04e26803c9c3851c931eac40c695602c6295b8d432cbe78609649ad9bd2da8a"},
    {url = "https://files.pythonhosted.org/packages/0f/53/b14de4ede9c2bd76d28e7911033b065ac42896f1cfb258d3ff65cf0332d2/MarkupSafe-2.1.1-cp39-cp39-musllinux_1_1_x86_64.whl", hash = "sha256:8e3dcf21f367459434c18e71b2a9532d96547aef8a871872a5bd69a715c15f96"},
    {url = "https://files.pythonhosted.org/packages/18/a6/913b1d80fe93f7c3aa79206544b98841616c3eaa7790f37bdfb9fc13311e/MarkupSafe-2.1.1-cp38-cp38-manylinux_2_17_aarch64.manylinux2014_aarch64.whl", hash = "sha256:8e576a51ad59e4bfaac456023a78f6b5e6e7651dcd383bcc3e18d06f9b55d6d1"},
    {url = "https://files.pythonhosted.org/packages/1b/b3/93411f10caaccc6fc9c53bbdae4f6d26997248ae574e2f0c90e912b67f73/MarkupSafe-2.1.1-cp37-cp37m-musllinux_1_1_aarch64.whl", hash = "sha256:d5ee4f386140395a2c818d149221149c54849dfcfcb9f1debfe07a8b8bd63f9a"},
    {url = "https://files.pythonhosted.org/packages/1d/97/2288fe498044284f39ab8950703e88abbac2abbdf65524d576157af70556/MarkupSafe-2.1.1.tar.gz", hash = "sha256:7f91197cc9e48f989d12e4e6fbc46495c446636dfc81b9ccf50bb0ec74b91d4b"},
    {url = "https://files.pythonhosted.org/packages/25/c4/a75659da6d6b03d2d8ef296b2a8bc73e8c5b1533ee31569a958a292f0929/MarkupSafe-2.1.1-cp39-cp39-win32.whl", hash = "sha256:d4306c36ca495956b6d568d276ac11fdd9c30a36f1b6eb928070dc5360b22e1c"},
    {url = "https://files.pythonhosted.org/packages/26/03/2c11ba1a8b2327adea3f59f1c9c9ee9c59e86023925f929e63c4f028b10a/MarkupSafe-2.1.1-cp39-cp39-macosx_10_9_x86_64.whl", hash = "sha256:b87db4360013327109564f0e591bd2a3b318547bcef31b468a92ee504d07ae4f"},
    {url = "https://files.pythonhosted.org/packages/2c/81/91062a81ac8a18f557f12e2618475b53878755c016c9914c8aa207155c4e/MarkupSafe-2.1.1-cp38-cp38-win_amd64.whl", hash = "sha256:fc7b548b17d238737688817ab67deebb30e8073c95749d55538ed473130ec0c7"},
    {url = "https://files.pythonhosted.org/packages/3a/fc/dccc18170917f2cc2a5b77aad97f5f27d992ef0f2b9fb9e334ee71bf5301/MarkupSafe-2.1.1-cp39-cp39-musllinux_1_1_aarch64.whl", hash = "sha256:33b74d289bd2f5e527beadcaa3f401e0df0a89927c1559c8566c066fa4248ab7"},
    {url = "https://files.pythonhosted.org/packages/3c/d3/c7ab031b14ae4e83214949acee957a8fcf6a992698edff039ee1e77eb4e1/MarkupSafe-2.1.1-cp38-cp38-macosx_10_9_x86_64.whl", hash = "sha256:0212a68688482dc52b2d45013df70d169f542b7394fc744c02a57374a4207003"},
    {url = "https://files.pythonhosted.org/packages/3d/4b/15e5b9d40c4b58e97ebcb8ed5845a215fa5b7cf49a7f1cc7908f8db9cf46/MarkupSafe-2.1.1-cp310-cp310-win_amd64.whl", hash = "sha256:dda30ba7e87fbbb7eab1ec9f58678558fd9a6b8b853530e176eabd064da81417"},
    {url = "https://files.pythonhosted.org/packages/3f/38/f422a81b41bdac48f1d19c45f6e203c04bc45d2c35505873fdecdddee1ec/MarkupSafe-2.1.1-cp37-cp37m-win_amd64.whl", hash = "sha256:97a68e6ada378df82bc9f16b800ab77cbf4b2fada0081794318520138c088e4a"},
    {url = "https://files.pythonhosted.org/packages/48/a9/cf226ea201542a724b113bac70dd0dfb72106da3621120c525c8eafadac2/MarkupSafe-2.1.1-cp37-cp37m-manylinux_2_17_aarch64.manylinux2014_aarch64.whl", hash = "sha256:3799351e2336dc91ea70b034983ee71cf2f9533cdff7c14c90ea126bfd95d65a"},
    {url = "https://files.pythonhosted.org/packages/5c/1a/ac3a2b2a4ef1196c15dd8a143fc28eddeb6e6871d6d1de64dc44ef7f59b6/MarkupSafe-2.1.1-cp310-cp310-musllinux_1_1_i686.whl", hash = "sha256:694deca8d702d5db21ec83983ce0bb4b26a578e71fbdbd4fdcd387daa90e4d5e"},
    {url = "https://files.pythonhosted.org/packages/5e/3d/0a7df21deca52e20de81f8a895ac29df68944588c0030be9aa1e6c07877c/MarkupSafe-2.1.1-cp310-cp310-win32.whl", hash = "sha256:4a33dea2b688b3190ee12bd7cfa29d39c9ed176bda40bfa11099a3ce5d3a7ac6"},
    {url = "https://files.pythonhosted.org/packages/68/b5/b3aafabe7e1f71aa64ffe32fd8c767fd7db1bb304d339d8df6f2fdd2543c/MarkupSafe-2.1.1-cp38-cp38-musllinux_1_1_i686.whl", hash = "sha256:089cf3dbf0cd6c100f02945abeb18484bd1ee57a079aefd52cffd17fba910b88"},
    {url = "https://files.pythonhosted.org/packages/69/60/08791e4a971ea976f0fd58fb916d76de7c962dc8e26430564258820ac21f/MarkupSafe-2.1.1-cp38-cp38-manylinux_2_5_i686.manylinux1_i686.manylinux_2_17_i686.manylinux2014_i686.whl", hash = "sha256:96e37a3dc86e80bf81758c152fe66dbf60ed5eca3d26305edf01892257049925"},
    {url = "https://files.pythonhosted.org/packages/6c/44/cd459988fe29cb82f0482fe6b6c47ec17ae700a500634edd876075d5e1ee/MarkupSafe-2.1.1-cp38-cp38-win32.whl", hash = "sha256:421be9fbf0ffe9ffd7a378aafebbf6f4602d564d34be190fc19a193232fd12b1"},
    {url = "https://files.pythonhosted.org/packages/71/dc/41cbfe0d9aefdf14226dbf4eccfd0079a0e297809a17c5b902c9a7a3cc9a/MarkupSafe-2.1.1-cp39-cp39-win_amd64.whl", hash = "sha256:46d00d6cfecdde84d40e572d63735ef81423ad31184100411e6e3388d405e247"},
    {url = "https://files.pythonhosted.org/packages/73/68/628f6dbbf5088723a2b939d97c0a2e059d0cc654ce92a6fac5c7959edaff/MarkupSafe-2.1.1-cp39-cp39-manylinux_2_5_i686.manylinux1_i686.manylinux_2_17_i686.manylinux2014_i686.whl", hash = "sha256:3ce11ee3f23f79dbd06fb3d63e2f6af7b12db1d46932fe7bd8afa259a5996603"},
    {url = "https://files.pythonhosted.org/packages/7f/d7/a0ee1e3a608ca2f80c66c43c699ab063b4b8979c51f8299229b1960f6860/MarkupSafe-2.1.1-cp37-cp37m-win32.whl", hash = "sha256:8dc1c72a69aa7e082593c4a203dcf94ddb74bb5c8a731e4e1eb68d031e8498ff"},
    {url = "https://files.pythonhosted.org/packages/82/3d/523e40c45dc1f53b35e60c6e8563dec523f7b6c113f823d5e123dd431631/MarkupSafe-2.1.1-cp39-cp39-manylinux_2_17_aarch64.manylinux2014_aarch64.whl", hash = "sha256:99a2a507ed3ac881b975a2976d59f38c19386d128e7a9a18b7df6fff1fd4c1d6"},
    {url = "https://files.pythonhosted.org/packages/87/31/ab37f60fde001c02ac115da6f66a2d934d37407f257ad8e15ed69093c7fb/MarkupSafe-2.1.1-cp37-cp37m-manylinux_2_5_i686.manylinux1_i686.manylinux_2_17_i686.manylinux2014_i686.whl", hash = "sha256:6fbf47b5d3728c6aea2abb0589b5d30459e369baa772e0f37a0320185e87c980"},
    {url = "https://files.pythonhosted.org/packages/8c/96/7e608e1a942232cb8c81ca24093e71e07e2bacbeb2dad62a0f82da28ed54/MarkupSafe-2.1.1-cp310-cp310-macosx_10_9_x86_64.whl", hash = "sha256:f121a1420d4e173a5d96e47e9a0c0dcff965afdf1626d28de1460815f7c4ee7a"},
    {url = "https://files.pythonhosted.org/packages/92/7c/3c33294e506eafa7f1c40dd283089a45652ea0f073fc0ce24419d46bfe4b/MarkupSafe-2.1.1-cp38-cp38-macosx_10_9_universal2.whl", hash = "sha256:e8c843bbcda3a2f1e3c2ab25913c80a3c5376cd00c6e8c4a86a89a28c8dc5452"},
    {url = "https://files.pythonhosted.org/packages/9e/82/2e089c6f34e77c073aa5a67040d368aac0dfb9b8ccbb46d381452c26fc33/MarkupSafe-2.1.1-cp310-cp310-manylinux_2_17_x86_64.manylinux2014_x86_64.whl", hash = "sha256:10c1bfff05d95783da83491be968e8fe789263689c02724e0c691933c52994f5"},
    {url = "https://files.pythonhosted.org/packages/9f/83/b221ce5a0224f409b9f02b0dc6cb0b921c46033f4870d64fa3e8a96af701/MarkupSafe-2.1.1-cp37-cp37m-manylinux_2_17_x86_64.manylinux2014_x86_64.whl", hash = "sha256:e72591e9ecd94d7feb70c1cbd7be7b3ebea3f548870aa91e2732960fa4d57a37"},
    {url = "https://files.pythonhosted.org/packages/a3/47/9dcc08eff8ab94f1e50f59f9cd322b710ef5db7e8590fdd8df924406fc9c/MarkupSafe-2.1.1-cp310-cp310-manylinux_2_5_i686.manylinux1_i686.manylinux_2_17_i686.manylinux2014_i686.whl", hash = "sha256:b7bd98b796e2b6553da7225aeb61f447f80a1ca64f41d83612e6139ca5213aa4"},
    {url = "https://files.pythonhosted.org/packages/ad/fa/292a72cddad41e3c06227b446a0af53ff642a40755fc5bd695f439c35ba8/MarkupSafe-2.1.1-cp310-cp310-musllinux_1_1_aarch64.whl", hash = "sha256:b09bf97215625a311f669476f44b8b318b075847b49316d3e28c08e41a7a573f"},
    {url = "https://files.pythonhosted.org/packages/ba/16/3627f852d8a846c0fc52ad1beac6e27894a8344cc2c26036db51acb82c3e/MarkupSafe-2.1.1-cp39-cp39-musllinux_1_1_i686.whl", hash = "sha256:43093fb83d8343aac0b1baa75516da6092f58f41200907ef92448ecab8825135"},
    {url = "https://files.pythonhosted.org/packages/ba/a9/6291d3fdaf0ecac5fbafe462258c5174f11fd752076ba05c2c022ee64f77/MarkupSafe-2.1.1-cp37-cp37m-musllinux_1_1_x86_64.whl", hash = "sha256:e1c0b87e09fa55a220f058d1d49d3fb8df88fbfab58558f1198e08c1e1de842a"},
    {url = "https://files.pythonhosted.org/packages/be/d8/5ab7f07d8f60155c4f12b4b2dca785355b8ee7e16b2d3f00c3830add5f10/MarkupSafe-2.1.1-cp38-cp38-musllinux_1_1_x86_64.whl", hash = "sha256:6a074d34ee7a5ce3effbc526b7083ec9731bb3cbf921bbe1d3005d4d2bdb3a63"},
    {url = "https://files.pythonhosted.org/packages/d0/1f/9677deb5b2768ca503e5ed8464a28f47a854d415b9d1b84445efa8363ca6/MarkupSafe-2.1.1-cp37-cp37m-musllinux_1_1_i686.whl", hash = "sha256:bcb3ed405ed3222f9904899563d6fc492ff75cce56cba05e32eff40e6acbeaa3"},
    {url = "https://files.pythonhosted.org/packages/d3/4f/9ea1c0a7796f7f81371b40d32aa31766b76fbdba316abf888897042e6e0f/MarkupSafe-2.1.1-cp38-cp38-musllinux_1_1_aarch64.whl", hash = "sha256:6d0072fea50feec76a4c418096652f2c3238eaa014b2f94aeb1d56a66b41403f"},
    {url = "https://files.pythonhosted.org/packages/d9/60/94e9de017674f88a514804e2924bdede9a642aba179d2045214719d6ec76/MarkupSafe-2.1.1-cp310-cp310-macosx_10_9_universal2.whl", hash = "sha256:86b1f75c4e7c2ac2ccdaec2b9022845dbb81880ca318bb7a0a01fbf7813e3812"},
    {url = "https://files.pythonhosted.org/packages/df/06/c515c5bc43b90462e753bc768e6798193c6520c9c7eb2054c7466779a9db/MarkupSafe-2.1.1-cp39-cp39-manylinux_2_17_x86_64.manylinux2014_x86_64.whl", hash = "sha256:56442863ed2b06d19c37f94d999035e15ee982988920e12a5b4ba29b62ad1f77"},
    {url = "https://files.pythonhosted.org/packages/f9/f8/13ffc95bf8a8c98d611b9f9fa5aa88625b9a82fce528e58f1aafba14946b/MarkupSafe-2.1.1-cp37-cp37m-macosx_10_9_x86_64.whl", hash = "sha256:671cd1187ed5e62818414afe79ed29da836dde67166a9fac6d435873c44fdd02"},
    {url = "https://files.pythonhosted.org/packages/fc/e4/78c7607352dd574d524daad079f855757d406d36b919b1864a5a07978390/MarkupSafe-2.1.1-cp310-cp310-musllinux_1_1_x86_64.whl", hash = "sha256:efc1913fd2ca4f334418481c7e595c00aad186563bbc1ec76067848c7ca0a933"},
    {url = "https://files.pythonhosted.org/packages/fd/f4/524d2e8f5a3727cf309c2b7df7c732038375322df1376c9e9ef3aa92fcaf/MarkupSafe-2.1.1-cp38-cp38-manylinux_2_17_x86_64.manylinux2014_x86_64.whl", hash = "sha256:4b9fe39a2ccc108a4accc2676e77da025ce383c108593d65cc909add5c3bd601"},
    {url = "https://files.pythonhosted.org/packages/ff/3a/42262a3aa6415befee33b275b31afbcef4f7f8d2f4380061b226c692ee2a/MarkupSafe-2.1.1-cp310-cp310-manylinux_2_17_aarch64.manylinux2014_aarch64.whl", hash = "sha256:a49907dd8420c5685cfa064a1335b6754b74541bbb3706c259c02ed65b644b3e"},
]
"python-dateutil 2.8.2" = [
    {url = "https://files.pythonhosted.org/packages/36/7a/87837f39d0296e723bb9b62bbb257d0355c7f6128853c78955f57342a56d/python_dateutil-2.8.2-py2.py3-none-any.whl", hash = "sha256:961d03dc3453ebbc59dbdea9e4e11c5651520a876d0f4db161e8674aae935da9"},
    {url = "https://files.pythonhosted.org/packages/4c/c4/13b4776ea2d76c115c1d1b84579f3764ee6d57204f6be27119f13a61d0a9/python-dateutil-2.8.2.tar.gz", hash = "sha256:0123cacc1627ae19ddf3c27a5de5bd67ee4586fbdd6440d9748f8abb483d3e86"},
]
"pytz 2022.2.1" = [
    {url = "https://files.pythonhosted.org/packages/24/0c/401283bb1499768e33ddd2e1a35817c775405c1f047a9dc088a29ce2ea5d/pytz-2022.2.1.tar.gz", hash = "sha256:cea221417204f2d1a2aa03ddae3e867921971d0d76f14d87abb4414415bbdcf5"},
    {url = "https://files.pythonhosted.org/packages/d5/50/54451e88e3da4616286029a3a17fc377de817f66a0f50e1faaee90161724/pytz-2022.2.1-py2.py3-none-any.whl", hash = "sha256:220f481bdafa09c3955dfbdddb7b57780e9a94f5127e35456a48589b9e0c0197"},
]
"pytz-deprecation-shim 0.1.0.post0" = [
    {url = "https://files.pythonhosted.org/packages/94/f0/909f94fea74759654390a3e1a9e4e185b6cd9aa810e533e3586f39da3097/pytz_deprecation_shim-0.1.0.post0.tar.gz", hash = "sha256:af097bae1b616dde5c5744441e2ddc69e74dfdcb0c263129610d85b87445a59d"},
    {url = "https://files.pythonhosted.org/packages/eb/73/3eaab547ca809754e67e06871cff0fc962bafd4b604e15f31896a0f94431/pytz_deprecation_shim-0.1.0.post0-py2.py3-none-any.whl", hash = "sha256:8314c9692a636c8eb3bda879b9f119e350e93223ae83e70e80c31675a0fdc1a6"},
]
"regex 2022.3.2" = [
    {url = "https://files.pythonhosted.org/packages/05/6f/efa5681319f5ed7a7d5372f5d44c86fff9c759588075b8406fc32a7a5b9b/regex-2022.3.2-cp39-cp39-win_amd64.whl", hash = "sha256:9efa41d1527b366c88f265a227b20bcec65bda879962e3fc8a2aee11e81266d7"},
    {url = "https://files.pythonhosted.org/packages/07/61/76f10dfab8ba70118d31cba377adff6b857d21ca3a67f4d7816f6b059854/regex-2022.3.2-cp38-cp38-win_amd64.whl", hash = "sha256:35ed2f3c918a00b109157428abfc4e8d1ffabc37c8f9abc5939ebd1e95dabc47"},
    {url = "https://files.pythonhosted.org/packages/09/7b/23dd6bfa2e55c9411d2ed581bd857a4820be9e10a434c562f6666b50f367/regex-2022.3.2-cp310-cp310-win32.whl", hash = "sha256:b549d851f91a4efb3e65498bd4249b1447ab6035a9972f7fc215eb1f59328834"},
    {url = "https://files.pythonhosted.org/packages/0e/2b/8142ba68530df7f9fec2686dff7367d45ea4837e65285fcc13ab1522304e/regex-2022.3.2-cp36-cp36m-musllinux_1_1_x86_64.whl", hash = "sha256:1e30762ddddb22f7f14c4f59c34d3addabc789216d813b0f3e2788d7bcf0cf29"},
    {url = "https://files.pythonhosted.org/packages/0f/58/167c6d0cc2536d5de45d2a1e6a5344dd45b3173d906df69e2910b2c21016/regex-2022.3.2-cp37-cp37m-manylinux_2_17_s390x.manylinux2014_s390x.whl", hash = "sha256:f3356afbb301ec34a500b8ba8b47cba0b44ed4641c306e1dd981a08b416170b5"},
    {url = "https://files.pythonhosted.org/packages/10/41/63047d40fb1f0d56491beb8682d77bdd3ef95afc8de7f691a8c9749558c7/regex-2022.3.2-cp39-cp39-win32.whl", hash = "sha256:20e6a27959f162f979165e496add0d7d56d7038237092d1aba20b46de79158f1"},
    {url = "https://files.pythonhosted.org/packages/14/ee/11ef03781f25ca60b4650885d0ed6fb41ac3bb1f12cf2a01d447f1bf0835/regex-2022.3.2-cp36-cp36m-win_amd64.whl", hash = "sha256:d326ff80ed531bf2507cba93011c30fff2dd51454c85f55df0f59f2030b1687b"},
    {url = "https://files.pythonhosted.org/packages/19/7d/33746f563a5977b0044001fae68e1ef68f69880138e6a82cd9a3a3be9228/regex-2022.3.2-cp39-cp39-manylinux_2_17_aarch64.manylinux2014_aarch64.whl", hash = "sha256:42d6007722d46bd2c95cce700181570b56edc0dcbadbfe7855ec26c3f2d7e008"},
    {url = "https://files.pythonhosted.org/packages/1a/b9/583895dc2ef6843d661e1276a88ea0327ac42983308677c365f264c4aebe/regex-2022.3.2-cp39-cp39-musllinux_1_1_aarch64.whl", hash = "sha256:729aa8ca624c42f309397c5fc9e21db90bf7e2fdd872461aabdbada33de9063c"},
    {url = "https://files.pythonhosted.org/packages/1a/be/0996d26e9dfc000c00c9dc3a7c9fcf32530a0426d5c585adfe04d393cc80/regex-2022.3.2-cp37-cp37m-musllinux_1_1_i686.whl", hash = "sha256:09b4b6ccc61d4119342b26246ddd5a04accdeebe36bdfe865ad87a0784efd77f"},
    {url = "https://files.pythonhosted.org/packages/1a/f7/69a593b21e175bbb9833f65b6917ad4052010b905651320548ae1e9b583e/regex-2022.3.2-cp310-cp310-manylinux_2_17_ppc64le.manylinux2014_ppc64le.whl", hash = "sha256:c68d2c04f7701a418ec2e5631b7f3552efc32f6bcc1739369c6eeb1af55f62e0"},
    {url = "https://files.pythonhosted.org/packages/1c/23/68987b9ff772a3bfe2d00cef4afeb06fca3136e75a2732e3f9d81b881a5c/regex-2022.3.2-cp310-cp310-musllinux_1_1_x86_64.whl", hash = "sha256:6df070a986fc064d865c381aecf0aaff914178fdf6874da2f2387e82d93cc5bd"},
    {url = "https://files.pythonhosted.org/packages/1c/90/456e99ebb59cbe72403a09bb8b620be0a9b402ee0a6f01dc63d5a320babb/regex-2022.3.2-cp38-cp38-musllinux_1_1_aarch64.whl", hash = "sha256:452519bc4c973e961b1620c815ea6dd8944a12d68e71002be5a7aff0a8361571"},
    {url = "https://files.pythonhosted.org/packages/1c/c1/edeec328043745069eda51737248923eaa6023a456334fa5ab435a32e3d2/regex-2022.3.2-cp39-cp39-musllinux_1_1_x86_64.whl", hash = "sha256:c0446b2871335d5a5e9fcf1462f954586b09a845832263db95059dcd01442015"},
    {url = "https://files.pythonhosted.org/packages/1e/e9/230e1042abb45593a00b1fb8f4aced68e400050633e547557862e04c6493/regex-2022.3.2-cp38-cp38-manylinux_2_17_aarch64.manylinux2014_aarch64.whl", hash = "sha256:f6f7ee2289176cb1d2c59a24f50900f8b9580259fa9f1a739432242e7d254f93"},
    {url = "https://files.pythonhosted.org/packages/32/47/3ff643c15b598c862ac1f65bda487cc3f817f6964e1f55b532d8e6c1e451/regex-2022.3.2-cp310-cp310-manylinux_2_5_x86_64.manylinux1_x86_64.manylinux_2_12_x86_64.manylinux2010_x86_64.whl", hash = "sha256:42bb37e2b2d25d958c25903f6125a41aaaa1ed49ca62c103331f24b8a459142f"},
    {url = "https://files.pythonhosted.org/packages/33/af/cb907dd055b765e981b643d0dd9654c0dcae272aeeb61acf525f33796a0e/regex-2022.3.2-cp36-cp36m-win32.whl", hash = "sha256:286ff9ec2709d56ae7517040be0d6c502642517ce9937ab6d89b1e7d0904f863"},
    {url = "https://files.pythonhosted.org/packages/36/0e/6b52e47e9c44e7ed07384208114442c742461d78b9558e19d069b8d0fe35/regex-2022.3.2-cp310-cp310-manylinux_2_17_s390x.manylinux2014_s390x.whl", hash = "sha256:caa2734ada16a44ae57b229d45091f06e30a9a52ace76d7574546ab23008c635"},
    {url = "https://files.pythonhosted.org/packages/36/49/f29b5ff5221abdc5bafdd014f72368b6b8cfb2eea4915aecedd96c2621d1/regex-2022.3.2-cp38-cp38-macosx_10_9_x86_64.whl", hash = "sha256:67250b36edfa714ba62dc62d3f238e86db1065fccb538278804790f578253640"},
    {url = "https://files.pythonhosted.org/packages/36/64/df9743ddccf7273035672bdc14f340d075516875d13a3a0e98dbfce5573a/regex-2022.3.2-cp37-cp37m-musllinux_1_1_x86_64.whl", hash = "sha256:7b103dffb9f6a47ed7ffdf352b78cfe058b1777617371226c1894e1be443afec"},
    {url = "https://files.pythonhosted.org/packages/3e/2b/3fcae086e7aadf672fd17aa92d303c6a5e6c737b8fdfe4c9cb23b756a17c/regex-2022.3.2-cp39-cp39-musllinux_1_1_ppc64le.whl", hash = "sha256:13bbf0c9453c6d16e5867bda7f6c0c7cff1decf96c5498318bb87f8136d2abd4"},
    {url = "https://files.pythonhosted.org/packages/40/f4/515b758b14eea42d183310e892d0b01651de5c65e1402c49d15f275f8ede/regex-2022.3.2-cp36-cp36m-manylinux_2_5_x86_64.manylinux1_x86_64.manylinux_2_12_x86_64.manylinux2010_x86_64.whl", hash = "sha256:57484d39447f94967e83e56db1b1108c68918c44ab519b8ecfc34b790ca52bf7"},
    {url = "https://files.pythonhosted.org/packages/41/37/e27eae7da64cbf065c420592413bc462545eaa016bbc8b15ac12a65e2ec4/regex-2022.3.2-cp37-cp37m-manylinux_2_5_x86_64.manylinux1_x86_64.manylinux_2_12_x86_64.manylinux2010_x86_64.whl", hash = "sha256:0eb0e2845e81bdea92b8281a3969632686502565abf4a0b9e4ab1471c863d8f3"},
    {url = "https://files.pythonhosted.org/packages/48/47/2a09d5455f49d771f95f0aff993941407cb94a8fdbb34450d6727562cf2c/regex-2022.3.2-cp37-cp37m-musllinux_1_1_aarch64.whl", hash = "sha256:87bc01226cd288f0bd9a4f9f07bf6827134dc97a96c22e2d28628e824c8de231"},
    {url = "https://files.pythonhosted.org/packages/4c/bf/85801ca2ff5f5c28926dbac44b64ce8097669819b09f238410bbaef1d5c9/regex-2022.3.2-cp36-cp36m-manylinux_2_5_i686.manylinux1_i686.manylinux_2_17_i686.manylinux2014_i686.whl", hash = "sha256:06b1df01cf2aef3a9790858af524ae2588762c8a90e784ba00d003f045306204"},
    {url = "https://files.pythonhosted.org/packages/4e/b4/3e2285da4cfba79577537e5e59195186965e46ac5a3be321baf3fde1af04/regex-2022.3.2-cp36-cp36m-manylinux_2_17_x86_64.manylinux2014_x86_64.whl", hash = "sha256:0008650041531d0eadecc96a73d37c2dc4821cf51b0766e374cb4f1ddc4e1c14"},
    {url = "https://files.pythonhosted.org/packages/4f/17/21e7195da87bcdbdd4ec32fdfdc87ccd5cf97b0a18e0f08ecacbaefca284/regex-2022.3.2.tar.gz", hash = "sha256:79e5af1ff258bc0fe0bdd6f69bc4ae33935a898e3cbefbbccf22e88a27fa053b"},
    {url = "https://files.pythonhosted.org/packages/52/61/3d875b4630870088ee7e6846c64f03dc5dc16ebec13e01ba46883b43ce7b/regex-2022.3.2-cp37-cp37m-manylinux_2_17_ppc64le.manylinux2014_ppc64le.whl", hash = "sha256:d6c2441538e4fadd4291c8420853431a229fcbefc1bf521810fbc2629d8ae8c2"},
    {url = "https://files.pythonhosted.org/packages/52/da/d3781f0acff58b31d6771025e7eb7d4a960a604ac3acb62edb83f89a1540/regex-2022.3.2-cp38-cp38-manylinux_2_17_ppc64le.manylinux2014_ppc64le.whl", hash = "sha256:86d7a68fa53688e1f612c3246044157117403c7ce19ebab7d02daf45bd63913e"},
    {url = "https://files.pythonhosted.org/packages/54/3a/e0fdba72730f23aa099e4b74a4bd7cff8b6c5d9413f5758d8de472a12202/regex-2022.3.2-cp39-cp39-macosx_11_0_arm64.whl", hash = "sha256:83f03f0bd88c12e63ca2d024adeee75234d69808b341e88343b0232329e1f1a1"},
    {url = "https://files.pythonhosted.org/packages/54/a1/a4bca6c01eebbd641a39b861bcc18e0aeedbd205c21d809909c37f387beb/regex-2022.3.2-cp38-cp38-manylinux_2_17_x86_64.manylinux2014_x86_64.whl", hash = "sha256:ad397bc7d51d69cb07ef89e44243f971a04ce1dca9bf24c992c362406c0c6573"},
    {url = "https://files.pythonhosted.org/packages/5a/7c/ef26f3c3a5ba3cc5e88584cc1d9d08d0ba6ac887815826dd0d453e2bb8a1/regex-2022.3.2-cp310-cp310-win_amd64.whl", hash = "sha256:8babb2b5751105dc0aef2a2e539f4ba391e738c62038d8cb331c710f6b0f3da7"},
    {url = "https://files.pythonhosted.org/packages/5b/e0/2315b6efca5ec73767082cc1f45ce658a3bae34f814ce9e32fe037bce7bb/regex-2022.3.2-cp39-cp39-manylinux_2_5_i686.manylinux1_i686.manylinux_2_17_i686.manylinux2014_i686.whl", hash = "sha256:72bc3a5effa5974be6d965ed8301ac1e869bc18425c8a8fac179fbe7876e3aee"},
    {url = "https://files.pythonhosted.org/packages/5c/9c/a8d579dd55a41bdda6f0ab8b4aaa5af54f424e632d3fdf78f738910a11d7/regex-2022.3.2-cp39-cp39-manylinux_2_17_x86_64.manylinux2014_x86_64.whl", hash = "sha256:17e51ad1e6131c496b58d317bc9abec71f44eb1957d32629d06013a21bc99cac"},
    {url = "https://files.pythonhosted.org/packages/63/b3/28a86f59b584af5e8a9bff9620e4c02e79b8fa719367dd3e798fca5fa42e/regex-2022.3.2-cp37-cp37m-musllinux_1_1_s390x.whl", hash = "sha256:0be0c34a39e5d04a62fd5342f0886d0e57592a4f4993b3f9d257c1f688b19737"},
    {url = "https://files.pythonhosted.org/packages/6a/16/bdc14802903194ae20a8a882b7dc5d25d88619f4606a31980c6b844cd314/regex-2022.3.2-cp38-cp38-manylinux_2_17_s390x.manylinux2014_s390x.whl", hash = "sha256:aaf5317c961d93c1a200b9370fb1c6b6836cc7144fef3e5a951326912bf1f5a3"},
    {url = "https://files.pythonhosted.org/packages/6b/f7/1540c50e80f4bdc0646cdaedbc20841d997950e82fe5a38cf3457b40b20c/regex-2022.3.2-cp310-cp310-macosx_10_9_x86_64.whl", hash = "sha256:ab69b4fe09e296261377d209068d52402fb85ef89dc78a9ac4a29a895f4e24a7"},
    {url = "https://files.pythonhosted.org/packages/70/f8/01e020980159de6b86092f00aa3965dae337c02b382750a605e324baad26/regex-2022.3.2-cp310-cp310-manylinux_2_17_x86_64.manylinux2014_x86_64.whl", hash = "sha256:ef806f684f17dbd6263d72a54ad4073af42b42effa3eb42b877e750c24c76f86"},
    {url = "https://files.pythonhosted.org/packages/71/4c/dba5abf22c52a58d7b774cad33371b79e93264f8516124c48719b2b8c048/regex-2022.3.2-cp36-cp36m-manylinux_2_17_ppc64le.manylinux2014_ppc64le.whl", hash = "sha256:b22ff939a8856a44f4822da38ef4868bd3a9ade22bb6d9062b36957c850e404f"},
    {url = "https://files.pythonhosted.org/packages/79/20/091e8bc3e08b82448b2b4bb29d78bf789397a9a6a569a01619f6fbcd2ec3/regex-2022.3.2-cp37-cp37m-manylinux_2_17_x86_64.manylinux2014_x86_64.whl", hash = "sha256:0d96eec8550fd2fd26f8e675f6d8b61b159482ad8ffa26991b894ed5ee19038b"},
    {url = "https://files.pythonhosted.org/packages/7a/ad/d488fa12f7c818c7eefac556bf39739ba15502719f9f40869876914af95a/regex-2022.3.2-cp37-cp37m-manylinux_2_5_i686.manylinux1_i686.manylinux_2_17_i686.manylinux2014_i686.whl", hash = "sha256:cf668f26604e9f7aee9f8eaae4ca07a948168af90b96be97a4b7fa902a6d2ac1"},
    {url = "https://files.pythonhosted.org/packages/7c/92/dcf3b43ad89516556bf76addd28b52ab808df1a7afedc91254003fd54a88/regex-2022.3.2-cp310-cp310-manylinux_2_5_i686.manylinux1_i686.manylinux_2_17_i686.manylinux2014_i686.whl", hash = "sha256:be319f4eb400ee567b722e9ea63d5b2bb31464e3cf1b016502e3ee2de4f86f5c"},
    {url = "https://files.pythonhosted.org/packages/84/0c/b05e8963c8f21e50007c3067b4989b3ddedfa262730ceff024f7274adf56/regex-2022.3.2-cp37-cp37m-win_amd64.whl", hash = "sha256:4b9c16a807b17b17c4fa3a1d8c242467237be67ba92ad24ff51425329e7ae3d0"},
    {url = "https://files.pythonhosted.org/packages/84/7c/9f1d3fc7763782690092b5e6b48f56fb5f925eee1a6174cbc9d2549d4d99/regex-2022.3.2-cp310-cp310-manylinux_2_17_aarch64.manylinux2014_aarch64.whl", hash = "sha256:43eba5c46208deedec833663201752e865feddc840433285fbadee07b84b464d"},
    {url = "https://files.pythonhosted.org/packages/87/ce/1fb95b8e99d326fa73ffc4db4af43d1d67c4df90c9af34d0ef11fd6e1715/regex-2022.3.2-cp38-cp38-manylinux_2_5_x86_64.manylinux1_x86_64.manylinux_2_12_x86_64.manylinux2010_x86_64.whl", hash = "sha256:af4d8cc28e4c7a2f6a9fed544228c567340f8258b6d7ea815b62a72817bbd178"},
    {url = "https://files.pythonhosted.org/packages/8c/de/28ac0fc7233ec1b5dabf20ebfd30db7d657c517ee8208b2758b9213c1d36/regex-2022.3.2-cp38-cp38-musllinux_1_1_i686.whl", hash = "sha256:cb34c2d66355fb70ae47b5595aafd7218e59bb9c00ad8cc3abd1406ca5874f07"},
    {url = "https://files.pythonhosted.org/packages/8d/53/ecdd110dddc637be1add359965c8773b208c917343b4c3cd4d5377cc2f0c/regex-2022.3.2-cp37-cp37m-manylinux_2_17_aarch64.manylinux2014_aarch64.whl", hash = "sha256:c87ac58b9baaf50b6c1b81a18d20eda7e2883aa9a4fb4f1ca70f2e443bfcdc57"},
    {url = "https://files.pythonhosted.org/packages/95/91/282338c842126f739861182fcbf95c3b3f4eb9bb42e7a35ac5af784aa456/regex-2022.3.2-cp36-cp36m-musllinux_1_1_ppc64le.whl", hash = "sha256:5f92a7cdc6a0ae2abd184e8dfd6ef2279989d24c85d2c85d0423206284103ede"},
    {url = "https://files.pythonhosted.org/packages/96/8e/e38627a1bddc7e681fa05810251fb446866c3fee0170a6e7fd69f45bc917/regex-2022.3.2-cp310-cp310-musllinux_1_1_s390x.whl", hash = "sha256:878c626cbca3b649e14e972c14539a01191d79e58934e3f3ef4a9e17f90277f8"},
    {url = "https://files.pythonhosted.org/packages/99/70/6d11af2acb6f64abc8a35545fb6b345a2e7f4c20439088ff87dacad4ec7e/regex-2022.3.2-cp38-cp38-win32.whl", hash = "sha256:f7e8f1ee28e0a05831c92dc1c0c1c94af5289963b7cf09eca5b5e3ce4f8c91b0"},
    {url = "https://files.pythonhosted.org/packages/9e/14/2f982126153fa2ed1439797c56d704e54bc87612d274ac407f85835bfc02/regex-2022.3.2-cp37-cp37m-macosx_10_9_x86_64.whl", hash = "sha256:9d828c5987d543d052b53c579a01a52d96b86f937b1777bbfe11ef2728929357"},
    {url = "https://files.pythonhosted.org/packages/a0/0a/3cdfe2373fbe98b5e007d355df9ee3848c3525a78eff27a93bb13439d61a/regex-2022.3.2-cp36-cp36m-macosx_10_9_x86_64.whl", hash = "sha256:1977bb64264815d3ef016625adc9df90e6d0e27e76260280c63eca993e3f455f"},
    {url = "https://files.pythonhosted.org/packages/a1/9c/5ad9a34e78a1bca8fe30dc72a1a64ee19d1bd5c1bcf2abfc21bcc7e20def/regex-2022.3.2-cp38-cp38-musllinux_1_1_s390x.whl", hash = "sha256:03299b0bcaa7824eb7c0ebd7ef1e3663302d1b533653bfe9dc7e595d453e2ae9"},
    {url = "https://files.pythonhosted.org/packages/a2/05/179704f4b3c71e24212703510718faf42993c519ca603055138bd249598c/regex-2022.3.2-cp310-cp310-musllinux_1_1_i686.whl", hash = "sha256:91e0f7e7be77250b808a5f46d90bf0032527d3c032b2131b63dee54753a4d729"},
    {url = "https://files.pythonhosted.org/packages/a4/1e/2cc94ebd58a010e3e2009199ad16c5f48e21c1fb8599f2ce7918a1052847/regex-2022.3.2-cp39-cp39-manylinux_2_17_s390x.manylinux2014_s390x.whl", hash = "sha256:fbd3fe37353c62fd0eb19fb76f78aa693716262bcd5f9c14bb9e5aca4b3f0dc4"},
    {url = "https://files.pythonhosted.org/packages/a5/f2/4fae67e27f8117f1c8cdc1e20c63a476beb9beb77c7070f9f2a8fdb530cc/regex-2022.3.2-cp39-cp39-manylinux_2_17_ppc64le.manylinux2014_ppc64le.whl", hash = "sha256:320c2f4106962ecea0f33d8d31b985d3c185757c49c1fb735501515f963715ed"},
    {url = "https://files.pythonhosted.org/packages/ae/a2/0aff2b0e284c8d5978ee930ca34c539a2e4ae67e4dcadb1adb342f3ce225/regex-2022.3.2-cp310-cp310-musllinux_1_1_ppc64le.whl", hash = "sha256:cb3652bbe6720786b9137862205986f3ae54a09dec8499a995ed58292bdf77c2"},
    {url = "https://files.pythonhosted.org/packages/af/52/f872087e971ace051c5996772a2c0d6b19bb746a5a7f874af2463aa6c818/regex-2022.3.2-cp38-cp38-musllinux_1_1_ppc64le.whl", hash = "sha256:3d146e5591cb67c5e836229a04723a30af795ef9b70a0bbd913572e14b7b940f"},
    {url = "https://files.pythonhosted.org/packages/af/a9/26e563c86d831a848b167bc45f0fafce1df7ffd7f173f35cdd8e282b7e65/regex-2022.3.2-cp36-cp36m-manylinux_2_17_aarch64.manylinux2014_aarch64.whl", hash = "sha256:1e73652057473ad3e6934944af090852a02590c349357b79182c1b681da2c772"},
    {url = "https://files.pythonhosted.org/packages/b1/56/86fb1cdf1f5553474d141275f3ee2c776f81a8da8e4590981c21d12414fb/regex-2022.3.2-cp38-cp38-macosx_11_0_arm64.whl", hash = "sha256:5510932596a0f33399b7fff1bd61c59c977f2b8ee987b36539ba97eb3513584a"},
    {url = "https://files.pythonhosted.org/packages/b1/8f/61f8bbc8365147f351b16494b9332a8c7ed8d03cb734932e21882ce740d1/regex-2022.3.2-cp39-cp39-musllinux_1_1_s390x.whl", hash = "sha256:58ba41e462653eaf68fc4a84ec4d350b26a98d030be1ab24aba1adcc78ffe447"},
    {url = "https://files.pythonhosted.org/packages/b2/68/12268d7b28f4beacbca40d1b4fb6f7dca7bf4cdd1286470a7e80e7b40c54/regex-2022.3.2-cp38-cp38-musllinux_1_1_x86_64.whl", hash = "sha256:9ccb0a4ab926016867260c24c192d9df9586e834f5db83dfa2c8fffb3a6e5056"},
    {url = "https://files.pythonhosted.org/packages/b7/bf/5a2b29e5a1dc8e9cd7dc8b85ba823cbd8e2c3e58ff4ec648c8de62b6f661/regex-2022.3.2-cp38-cp38-manylinux_2_5_i686.manylinux1_i686.manylinux_2_17_i686.manylinux2014_i686.whl", hash = "sha256:297c42ede2c81f0cb6f34ea60b5cf6dc965d97fa6936c11fc3286019231f0d66"},
    {url = "https://files.pythonhosted.org/packages/b8/1c/eaf17778b4baacfe28a2ceb982e7b61afb972d121d4ab83b663ba60fd5c7/regex-2022.3.2-cp39-cp39-musllinux_1_1_i686.whl", hash = "sha256:d6ecfd1970b3380a569d7b3ecc5dd70dba295897418ed9e31ec3c16a5ab099a5"},
    {url = "https://files.pythonhosted.org/packages/c1/c9/f8df1c3efbe1a5ee27292e5d9f9f52c3f721ded65fd3f756d9cb3521462e/regex-2022.3.2-cp36-cp36m-musllinux_1_1_s390x.whl", hash = "sha256:5dcc4168536c8f68654f014a3db49b6b4a26b226f735708be2054314ed4964f4"},
    {url = "https://files.pythonhosted.org/packages/cb/d0/25d4b24706224f227db1c7442561f3fb8359c108c2d4e8a0615ecae2e6bb/regex-2022.3.2-cp39-cp39-manylinux_2_5_x86_64.manylinux1_x86_64.manylinux_2_12_x86_64.manylinux2010_x86_64.whl", hash = "sha256:e5602a9b5074dcacc113bba4d2f011d2748f50e3201c8139ac5b68cf2a76bd8b"},
    {url = "https://files.pythonhosted.org/packages/d9/9d/7cf715f32681dd08c0a2619cf5a63e27e90a4227bfca34c2c6b9758b4ecc/regex-2022.3.2-cp36-cp36m-musllinux_1_1_i686.whl", hash = "sha256:ae17fc8103f3b63345709d3e9654a274eee1c6072592aec32b026efd401931d0"},
    {url = "https://files.pythonhosted.org/packages/db/e2/12e294f8aa365a87df17630607d6e0c76bd3cda0c3524fbad079b6b7f347/regex-2022.3.2-cp310-cp310-musllinux_1_1_aarch64.whl", hash = "sha256:fbc88d3ba402b5d041d204ec2449c4078898f89c4a6e6f0ed1c1a510ef1e221d"},
    {url = "https://files.pythonhosted.org/packages/dc/90/b5e8e3fc2ff728980021416f8de8c21dbb745d194064a3f39cf5ee07bdc2/regex-2022.3.2-cp37-cp37m-win32.whl", hash = "sha256:f8169ec628880bdbca67082a9196e2106060a4a5cbd486ac51881a4df805a36f"},
    {url = "https://files.pythonhosted.org/packages/e4/86/72f00abed58ff3aafd1e5a8473c64361d78bcfd1d519045b488aac84ff7c/regex-2022.3.2-cp37-cp37m-musllinux_1_1_ppc64le.whl", hash = "sha256:9557545c10d52c845f270b665b52a6a972884725aa5cf12777374e18f2ea8960"},
    {url = "https://files.pythonhosted.org/packages/e7/33/fc71d75a382b75fb2c377ebd93cbf6adb5254456c30ccc44293fbb197781/regex-2022.3.2-cp39-cp39-macosx_10_9_x86_64.whl", hash = "sha256:55820bc631684172b9b56a991d217ec7c2e580d956591dc2144985113980f5a3"},
    {url = "https://files.pythonhosted.org/packages/f8/90/9066d6d34d97d6106c7ab265b4a705a6383e608155412bc2a9f1f36cda94/regex-2022.3.2-cp36-cp36m-musllinux_1_1_aarch64.whl", hash = "sha256:74d86e8924835f863c34e646392ef39039405f6ce52956d8af16497af4064a30"},
    {url = "https://files.pythonhosted.org/packages/fd/da/9859b2230cb9420a63b01deb5a87abcdfa6b879686535edb0fafb5139b98/regex-2022.3.2-cp310-cp310-macosx_11_0_arm64.whl", hash = "sha256:5bc5f921be39ccb65fdda741e04b2555917a4bced24b4df14eddc7569be3b493"},
    {url = "https://files.pythonhosted.org/packages/fe/15/eba13b366d91e4a97280dba84d943c92b328dcccf24de16ae7418724faff/regex-2022.3.2-cp36-cp36m-manylinux_2_17_s390x.manylinux2014_s390x.whl", hash = "sha256:878f5d649ba1db9f52cc4ef491f7dba2d061cdc48dd444c54260eebc0b1729b9"},
]
"six 1.16.0" = [
    {url = "https://files.pythonhosted.org/packages/71/39/171f1c67cd00715f190ba0b100d606d440a28c93c7714febeca8b79af85e/six-1.16.0.tar.gz", hash = "sha256:1e61c37477a1626458e36f7b1d82aa5c9b094fa4802892072e49de9c60c4c926"},
    {url = "https://files.pythonhosted.org/packages/d9/5a/e7c31adbe875f2abbb91bd84cf2dc52d792b5a01506781dbcf25c91daf11/six-1.16.0-py2.py3-none-any.whl", hash = "sha256:8abb2f1d86890a2dfb989f9a77cfcfd3e47c2a354b01111771326f8aa26e0254"},
]
"tzdata 2022.2" = [
    {url = "https://files.pythonhosted.org/packages/3e/eb/a00286433c739bb1a0d83a069b2dc379a5d14b0b9c927e3cb00cb434d740/tzdata-2022.2.tar.gz", hash = "sha256:21f4f0d7241572efa7f7a4fdabb052e61b55dc48274e6842697ccdf5253e5451"},
    {url = "https://files.pythonhosted.org/packages/71/9b/8b9fea4f4dc956de76baa291cec1c864a8edadf2950d1740bc386d7fe55a/tzdata-2022.2-py2.py3-none-any.whl", hash = "sha256:c3119520447d68ef3eb8187a55a4f44fa455f30eb1b4238fa5691ba094f2b05b"},
]
"tzlocal 4.2" = [
    {url = "https://files.pythonhosted.org/packages/31/b7/3bc2c1868f27677139b772e4fde95265b93151912fd90eb874827943bfcf/tzlocal-4.2-py3-none-any.whl", hash = "sha256:89885494684c929d9191c57aa27502afc87a579be5cdd3225c77c463ea043745"},
    {url = "https://files.pythonhosted.org/packages/7d/b9/164d5f510e0547ae92280d0ca4a90407a15625901afbb9f57a19d9acd9eb/tzlocal-4.2.tar.gz", hash = "sha256:ee5842fa3a795f023514ac2d801c4a81d1743bbe642e3940143326b3a00addd7"},
]
"werkzeug 2.2.2" = [
    {url = "https://files.pythonhosted.org/packages/c8/27/be6ddbcf60115305205de79c29004a0c6bc53cec814f733467b1bb89386d/Werkzeug-2.2.2-py3-none-any.whl", hash = "sha256:f979ab81f58d7318e064e99c4506445d60135ac5cd2e177a2de0089bfd4c9bd5"},
    {url = "https://files.pythonhosted.org/packages/f8/c1/1c8e539f040acd80f844c69a5ef8e2fccdf8b442dabb969e497b55d544e1/Werkzeug-2.2.2.tar.gz", hash = "sha256:7ea2d48322cc7c0f8b3a215ed73eabd7b5d75d0b50e31ab006286ccff9e00b8f"},
]
